# Generated by pub
# See https://dart.dev/tools/pub/glossary#lockfile
packages:
  adaptive_number:
    dependency: transitive
    description:
      name: adaptive_number
      sha256: "3a567544e9b5c9c803006f51140ad544aedc79604fd4f3f2c1380003f97c1d77"
      url: "https://pub.dev"
    source: hosted
    version: "1.0.0"
  args:
    dependency: transitive
    description:
      name: args
      sha256: "7cf60b9f0cc88203c5a190b4cd62a99feea42759a7fa695010eb5de1c0b2252a"
      url: "https://pub.dev"
    source: hosted
    version: "2.5.0"
  asn1lib:
    dependency: transitive
    description:
      name: asn1lib
      sha256: "58082b3f0dca697204dbab0ef9ff208bfaea7767ea771076af9a343488428dda"
      url: "https://pub.dev"
    source: hosted
    version: "1.5.3"
  async:
    dependency: transitive
    description:
      name: async
      sha256: "947bfcf187f74dbc5e146c9eb9c0f10c9f8b30743e341481c1e2ed3ecc18c20c"
      url: "https://pub.dev"
    source: hosted
    version: "2.11.0"
  base_codecs:
    dependency: transitive
    description:
      name: base_codecs
      sha256: "41701a12ede9912663decd708279924ece5018566daa7d1f484d5f4f10894f91"
      url: "https://pub.dev"
    source: hosted
    version: "1.0.1"
  base_x:
    dependency: transitive
    description:
      name: base_x
      sha256: "519abcdafd637d4b6bd7e72fabd8f9264935f804b9b9f6c5d8411c7d52cbf8fd"
      url: "https://pub.dev"
    source: hosted
    version: "2.0.1"
  bip39_mnemonic:
    dependency: transitive
    description:
      name: bip39_mnemonic
      sha256: "24855a62fb9dd930f697063a274e084b0a574e1cc55ec270ca4756f579ab512c"
      url: "https://pub.dev"
    source: hosted
    version: "3.0.6"
  boolean_selector:
    dependency: transitive
    description:
      name: boolean_selector
      sha256: "6cfb5af12253eaf2b368f07bacc5a80d1301a071c73360d746b7f2e32d762c66"
      url: "https://pub.dev"
    source: hosted
    version: "2.1.1"
  bs58:
    dependency: transitive
    description:
      name: bs58
      sha256: "3ed24dadf386ca749ff50af678be1131ef569a3583a6f37b87b90c032270c767"
      url: "https://pub.dev"
    source: hosted
    version: "1.0.2"
  bs58check:
    dependency: transitive
    description:
      name: bs58check
      sha256: c4a164d42b25c2f6bc88a8beccb9fc7d01440f3c60ba23663a20a70faf484ea9
      url: "https://pub.dev"
    source: hosted
    version: "1.0.2"
  characters:
    dependency: transitive
    description:
      name: characters
      sha256: "04a925763edad70e8443c99234dc3328f442e811f1d8fd1a72f1c8ad0f69a605"
      url: "https://pub.dev"
    source: hosted
    version: "1.3.0"
  clock:
    dependency: transitive
    description:
      name: clock
      sha256: cb6d7f03e1de671e34607e909a7213e31d7752be4fb66a86d29fe1eb14bfb5cf
      url: "https://pub.dev"
    source: hosted
    version: "1.1.1"
  collection:
    dependency: transitive
    description:
      name: collection
      sha256: ee67cb0715911d28db6bf4af1026078bd6f0128b07a5f66fb2ed94ec6783c09a
      url: "https://pub.dev"
    source: hosted
    version: "1.18.0"
  convert:
    dependency: transitive
    description:
      name: convert
      sha256: "0f08b14755d163f6e2134cb58222dd25ea2a2ee8a195e53983d57c075324d592"
      url: "https://pub.dev"
    source: hosted
    version: "3.1.1"
  crypto:
    dependency: transitive
    description:
      name: crypto
      sha256: ff625774173754681d66daaf4a448684fb04b78f902da9cb3d308c19cc5e8bab
      url: "https://pub.dev"
    source: hosted
    version: "3.0.3"
  crypto_keys:
    dependency: transitive
    description:
      name: crypto_keys
      sha256: acc19abf34623d990a0e8aec69463d74a824c31f137128f42e2810befc509ad0
      url: "https://pub.dev"
    source: hosted
    version: "0.3.0+1"
  crypto_keys_plus:
    dependency: transitive
    description:
      name: crypto_keys_plus
      sha256: fbebe8a45c68cd3c8b1ad3145172cfa276a30d9bbe9a4bf4cc03efc32b9b7a00
      url: "https://pub.dev"
    source: hosted
    version: "0.4.0"
  cryptography:
    dependency: transitive
    description:
      name: cryptography
      sha256: d146b76d33d94548cf035233fbc2f4338c1242fa119013bead807d033fc4ae05
      url: "https://pub.dev"
    source: hosted
    version: "2.7.0"
  cupertino_icons:
    dependency: "direct main"
    description:
      name: cupertino_icons
      sha256: ba631d1c7f7bef6b729a622b7b752645a2d076dba9976925b8f25725a30e1ee6
      url: "https://pub.dev"
    source: hosted
    version: "1.0.8"
  dart_jsonwebtoken:
    dependency: transitive
    description:
      name: dart_jsonwebtoken
      sha256: "346e9a21e4bf6e6a431e19ece00ebb2e3668e1e339cabdf6f46d18d88692a848"
      url: "https://pub.dev"
    source: hosted
    version: "2.14.0"
  ecdsa:
    dependency: transitive
    description:
      name: ecdsa
      sha256: dd1efbaf6c18bfde9347dddcfe10dce3dd044e5a1b237457a49b5c24850dfb95
      url: "https://pub.dev"
    source: hosted
    version: "0.0.4"
  ed25519_edwards:
    dependency: transitive
    description:
      name: ed25519_edwards
      sha256: "6ce0112d131327ec6d42beede1e5dfd526069b18ad45dcf654f15074ad9276cd"
      url: "https://pub.dev"
    source: hosted
    version: "0.3.1"
  edwards25519:
    dependency: transitive
    description:
      name: edwards25519
      sha256: "48e4678136e362bed9790dfb716ebe8e2f34f026bdb900b058214620672c6273"
      url: "https://pub.dev"
    source: hosted
    version: "1.0.4"
  elliptic:
    dependency: transitive
    description:
      name: elliptic
      sha256: "98e2fa89a714c649174553c823db2612dc9581814477fe1264a499d448237b6b"
      url: "https://pub.dev"
    source: hosted
    version: "0.3.10"
  eosdart_ecc:
    dependency: transitive
    description:
      name: eosdart_ecc
      sha256: "993d52a774975d1e3692583ff9cdab9a08048bdbe9d916d40c04ca9c1e6dfe96"
      url: "https://pub.dev"
    source: hosted
    version: "0.4.4"
  equatable:
    dependency: transitive
    description:
      name: equatable
      sha256: c2b87cb7756efdf69892005af546c56c0b5037f54d2a88269b4f347a505e3ca2
      url: "https://pub.dev"
    source: hosted
    version: "2.0.5"
  fake_async:
    dependency: transitive
    description:
      name: fake_async
      sha256: "511392330127add0b769b75a987850d136345d9227c6b94c96a04cf4a391bf78"
      url: "https://pub.dev"
    source: hosted
    version: "1.3.1"
  ffi:
    dependency: transitive
    description:
      name: ffi
      sha256: "493f37e7df1804778ff3a53bd691d8692ddf69702cf4c1c1096a2e41b4779e21"
      url: "https://pub.dev"
    source: hosted
    version: "2.1.2"
  fixnum:
    dependency: transitive
    description:
      name: fixnum
      sha256: "25517a4deb0c03aa0f32fd12db525856438902d9c16536311e76cdc57b31d7d1"
      url: "https://pub.dev"
    source: hosted
    version: "1.1.0"
  flutter:
    dependency: "direct main"
    description: flutter
    source: sdk
    version: "0.0.0"
  flutter_curve25519:
    dependency: transitive
    description:
      name: flutter_curve25519
      sha256: d2d196e51de878f5f0289d2d7c5e93dc0c62ccda7ca98c7e47b5a58a6851b861
      url: "https://pub.dev"
    source: hosted
    version: "0.1.2"
  flutter_lints:
    dependency: "direct dev"
    description:
      name: flutter_lints
      sha256: "9e8c3858111da373efc5aa341de011d9bd23e2c5c5e0c62bccf32438e192d7b1"
      url: "https://pub.dev"
    source: hosted
    version: "3.0.2"
  flutter_test:
    dependency: "direct dev"
    description: flutter
    source: sdk
    version: "0.0.0"
  flutter_web_plugins:
    dependency: transitive
    description: flutter
    source: sdk
    version: "0.0.0"
  hashlib_codecs:
    dependency: transitive
    description:
      name: hashlib_codecs
      sha256: a1c7b5d89ff29e81fd8e8c0b35966db4c935e149fc4ebe1ebf71e358c15863ab
      url: "https://pub.dev"
    source: hosted
    version: "2.4.0"
  hex:
    dependency: transitive
    description:
      name: hex
      sha256: "4e7cd54e4b59ba026432a6be2dd9d96e4c5205725194997193bf871703b82c4a"
      url: "https://pub.dev"
    source: hosted
    version: "0.2.0"
  http:
    dependency: transitive
    description:
      name: http
      sha256: "761a297c042deedc1ffbb156d6e2af13886bb305c2a343a4d972504cd67dd938"
      url: "https://pub.dev"
    source: hosted
    version: "1.2.1"
  http_parser:
    dependency: transitive
    description:
      name: http_parser
      sha256: "2aa08ce0341cc9b354a498388e30986515406668dbcc4f7c950c3e715496693b"
      url: "https://pub.dev"
    source: hosted
    version: "4.0.2"
  infra_did_comm_dart:
    dependency: "direct main"
    description:
      path: "../../.."
      relative: true
    source: path
    version: "0.7.2"
  infra_did_dart:
    dependency: "direct main"
    description:
      name: infra_did_dart
      sha256: "2d26fd77bd55b69bac9b1c1330476da31feb981a2ac04209583907edac85a085"
      url: "https://pub.dev"
    source: hosted
    version: "1.0.2"
  intl:
    dependency: transitive
    description:
      name: intl
      sha256: "3bc132a9dbce73a7e4a21a17d06e1878839ffbf975568bc875c60537824b0c4d"
      url: "https://pub.dev"
    source: hosted
    version: "0.18.1"
  iregexp:
    dependency: transitive
    description:
      name: iregexp
      sha256: "143859dcaeecf6f683102786762d70a47ef8441a0d2287a158172d32d38799cf"
      url: "https://pub.dev"
    source: hosted
    version: "0.1.2"
  jose:
    dependency: transitive
    description:
      name: jose
      sha256: "7955ec5d131960104e81fbf151abacb9d835c16c9e793ed394b2809f28b2198d"
      url: "https://pub.dev"
    source: hosted
    version: "0.3.4"
  js:
    dependency: transitive
    description:
      name: js
      sha256: f2c445dce49627136094980615a031419f7f3eb393237e4ecd97ac15dea343f3
      url: "https://pub.dev"
    source: hosted
    version: "0.6.7"
  json_annotation:
    dependency: transitive
    description:
      name: json_annotation
      sha256: "1ce844379ca14835a50d2f019a3099f419082cfdd231cd86a142af94dd5c6bb1"
      url: "https://pub.dev"
    source: hosted
    version: "4.9.0"
  json_ld_processor:
    dependency: transitive
    description:
      name: json_ld_processor
      sha256: "7477a7be11c443752039575cd27f1abfd236a1f56074ba439def9688178f3a1b"
      url: "https://pub.dev"
    source: hosted
    version: "1.0.4"
  json_path:
    dependency: transitive
    description:
      name: json_path
      sha256: "93f2cb012eb37112e62d3b5e5eb535431beb4c2566a9c1987b079b13b308763b"
      url: "https://pub.dev"
    source: hosted
    version: "0.6.6"
  json_schema:
    dependency: transitive
    description:
      name: json_schema
      sha256: f1bcf81647c347f53281dca9c8ea3e2b7b4d0eee5b4d1e4cee3173a5c162f358
      url: "https://pub.dev"
    source: hosted
    version: "5.1.7"
  json_schema2:
    dependency: transitive
    description:
      name: json_schema2
      sha256: "094e60d3605333c0816eeb2e5310b4f71ffaea2c0abc026b27418c1ac41a5db3"
      url: "https://pub.dev"
    source: hosted
    version: "2.0.4+9"
  jwk:
    dependency: transitive
    description:
      name: jwk
      sha256: "29579ae13c7b4b029e57bcc45514ef5a34768fae0d5e7863b4f03443454283e2"
      url: "https://pub.dev"
    source: hosted
    version: "0.2.3"
  leak_tracker:
    dependency: transitive
    description:
      name: leak_tracker
      sha256: "7f0df31977cb2c0b88585095d168e689669a2cc9b97c309665e3386f3e9d341a"
      url: "https://pub.dev"
    source: hosted
    version: "10.0.4"
  leak_tracker_flutter_testing:
    dependency: transitive
    description:
      name: leak_tracker_flutter_testing
      sha256: "06e98f569d004c1315b991ded39924b21af84cf14cc94791b8aea337d25b57f8"
      url: "https://pub.dev"
    source: hosted
    version: "3.0.3"
  leak_tracker_testing:
    dependency: transitive
    description:
      name: leak_tracker_testing
      sha256: "6ba465d5d76e67ddf503e1161d1f4a6bc42306f9d66ca1e8f079a47290fb06d3"
      url: "https://pub.dev"
    source: hosted
    version: "3.0.1"
  lints:
    dependency: transitive
    description:
      name: lints
      sha256: cbf8d4b858bb0134ef3ef87841abdf8d63bfc255c266b7bf6b39daa1085c4290
      url: "https://pub.dev"
    source: hosted
    version: "3.0.0"
  logging:
    dependency: transitive
    description:
      name: logging
      sha256: "623a88c9594aa774443aa3eb2d41807a48486b5613e67599fb4c41c0ad47c340"
      url: "https://pub.dev"
    source: hosted
    version: "1.2.0"
  matcher:
    dependency: transitive
    description:
      name: matcher
      sha256: d2323aa2060500f906aa31a895b4030b6da3ebdcc5619d14ce1aada65cd161cb
      url: "https://pub.dev"
    source: hosted
    version: "0.12.16+1"
  material_color_utilities:
    dependency: transitive
    description:
      name: material_color_utilities
      sha256: "0e0a020085b65b6083975e499759762399b4475f766c21668c4ecca34ea74e5a"
      url: "https://pub.dev"
    source: hosted
    version: "0.8.0"
  maybe_just_nothing:
    dependency: transitive
    description:
      name: maybe_just_nothing
      sha256: "0c06326e26d08f6ed43247404376366dc4d756cef23a4f1db765f546224c35e0"
      url: "https://pub.dev"
    source: hosted
    version: "0.5.3"
  merlin:
    dependency: transitive
    description:
      name: merlin
      sha256: c6b5d5bc70880aa7639686db66480d0be4b89da843b5cab20550610507da2540
      url: "https://pub.dev"
    source: hosted
    version: "1.0.3"
  meta:
    dependency: transitive
    description:
      name: meta
      sha256: "7687075e408b093f36e6bbf6c91878cc0d4cd10f409506f7bc996f68220b9136"
      url: "https://pub.dev"
    source: hosted
    version: "1.12.0"
  ninja_asn1:
    dependency: transitive
    description:
      name: ninja_asn1
      sha256: b0f04877243fda51c475ec2bcaadb55a92759baee9f02888124c60775760ccf7
      url: "https://pub.dev"
    source: hosted
    version: "2.0.0"
  path:
    dependency: transitive
    description:
      name: path
      sha256: "087ce49c3f0dc39180befefc60fdb4acd8f8620e5682fe2476afd0b3688bb4af"
      url: "https://pub.dev"
    source: hosted
    version: "1.9.0"
  petitparser:
    dependency: transitive
    description:
      name: petitparser
      sha256: c15605cd28af66339f8eb6fbe0e541bfe2d1b72d5825efc6598f3e0a31b9ad27
      url: "https://pub.dev"
    source: hosted
    version: "6.0.2"
  pinenacl:
    dependency: transitive
    description:
      name: pinenacl
      sha256: "3a5503637587d635647c93ea9a8fecf48a420cc7deebe6f1fc85c2a5637ab327"
      url: "https://pub.dev"
    source: hosted
    version: "0.5.1"
  pointycastle:
    dependency: transitive
    description:
      name: pointycastle
      sha256: "4be0097fcf3fd3e8449e53730c631200ebc7b88016acecab2b0da2f0149222fe"
      url: "https://pub.dev"
    source: hosted
    version: "3.9.1"
  polkadart:
    dependency: transitive
    description:
      name: polkadart
      sha256: "4be169198d7938aec035eacead499b469795ccc9797589bb2df5b2ec6bd52535"
      url: "https://pub.dev"
    source: hosted
    version: "0.4.3"
  polkadart_keyring:
    dependency: transitive
    description:
      name: polkadart_keyring
      sha256: "10cdd75e3319169ca7a4bb49745d85fab3f56bba2eafda35655c4f278a4c5e07"
      url: "https://pub.dev"
    source: hosted
    version: "0.4.3"
  polkadart_scale_codec:
    dependency: transitive
    description:
      name: polkadart_scale_codec
      sha256: fab60c739f6ebcc812796e56378656dca57179cec46e92c23614db6fd9ed0f86
      url: "https://pub.dev"
    source: hosted
    version: "1.2.0"
  qr:
    dependency: transitive
    description:
      name: qr
      sha256: "64957a3930367bf97cc211a5af99551d630f2f4625e38af10edd6b19131b64b3"
      url: "https://pub.dev"
    source: hosted
    version: "3.0.1"
  qr_code_scanner:
    dependency: "direct main"
    description:
      name: qr_code_scanner
      sha256: f23b68d893505a424f0bd2e324ebea71ed88465d572d26bb8d2e78a4749591fd
      url: "https://pub.dev"
    source: hosted
    version: "1.0.1"
  qr_flutter:
    dependency: "direct main"
    description:
      name: qr_flutter
      sha256: "5095f0fc6e3f71d08adef8feccc8cea4f12eec18a2e31c2e8d82cb6019f4b097"
      url: "https://pub.dev"
    source: hosted
    version: "4.1.0"
  quiver:
    dependency: transitive
    description:
      name: quiver
      sha256: b1c1ac5ce6688d77f65f3375a9abb9319b3cb32486bdc7a1e0fdf004d7ba4e47
      url: "https://pub.dev"
    source: hosted
    version: "3.2.1"
  rest_client:
    dependency: transitive
    description:
      name: rest_client
      sha256: ff26b0dd3b0dac951014ce1ea0da450290cb80a4bfee905a43285fd34cb3aa65
      url: "https://pub.dev"
    source: hosted
    version: "2.2.3+2"
  rfc_6901:
    dependency: transitive
    description:
      name: rfc_6901
      sha256: df1bbfa3d023009598f19636d6114c6ac1e0b7bb7bf6a260f0e6e6ce91416820
      url: "https://pub.dev"
    source: hosted
    version: "0.2.0"
  ristretto255:
    dependency: transitive
    description:
      name: ristretto255
      sha256: "3824d6786146dfb3b0783f305b714d36fa213c0d08e0ba864267baa0ede51cdd"
      url: "https://pub.dev"
    source: hosted
    version: "1.0.2"
  secp256k1:
    dependency: transitive
    description:
      name: secp256k1
      sha256: "66310c1fce68d0c3cfae61f9f23aba11f459fb8c84a50bdc6520548c62a4828a"
      url: "https://pub.dev"
    source: hosted
    version: "0.3.0"
  secp256k1_ecdsa:
    dependency: transitive
    description:
      name: secp256k1_ecdsa
      sha256: "87008b4fd164d861b94b0edf2e01ffadd6f06769e1f0382e19bb091daecc0576"
      url: "https://pub.dev"
    source: hosted
    version: "0.4.0"
  sky_engine:
    dependency: transitive
    description: flutter
    source: sdk
    version: "0.0.99"
  socket_io_client:
    dependency: transitive
    description:
      name: socket_io_client
      sha256: ede469f3e4c55e8528b4e023bdedbc20832e8811ab9b61679d1ba3ed5f01f23b
      url: "https://pub.dev"
    source: hosted
    version: "2.0.3+1"
  socket_io_common:
    dependency: transitive
    description:
      name: socket_io_common
      sha256: "2ab92f8ff3ebbd4b353bf4a98bee45cc157e3255464b2f90f66e09c4472047eb"
      url: "https://pub.dev"
    source: hosted
    version: "2.0.3"
  source_span:
    dependency: transitive
    description:
      name: source_span
      sha256: "53e943d4206a5e30df338fd4c6e7a077e02254531b138a15aec3bd143c1a8b3c"
      url: "https://pub.dev"
    source: hosted
    version: "1.10.0"
  sr25519:
    dependency: transitive
    description:
      name: sr25519
      sha256: "266f7b2a4dd2d6a41a49924d41e80665f3b8340c157deff172f2b0cf64657a27"
      url: "https://pub.dev"
    source: hosted
    version: "0.4.0"
  ss58:
    dependency: transitive
    description:
      name: ss58
      sha256: b24d2713597b83708ef30daea5a565dba8bc9129031b30c025069e168301ae5e
      url: "https://pub.dev"
    source: hosted
    version: "1.1.2"
  stack_trace:
    dependency: transitive
    description:
      name: stack_trace
      sha256: "73713990125a6d93122541237550ee3352a2d84baad52d375a4cad2eb9b7ce0b"
      url: "https://pub.dev"
    source: hosted
    version: "1.11.1"
  stream_channel:
    dependency: transitive
    description:
      name: stream_channel
      sha256: ba2aa5d8cc609d96bbb2899c28934f9e1af5cddbd60a827822ea467161eb54e7
      url: "https://pub.dev"
    source: hosted
    version: "2.1.2"
  string_scanner:
    dependency: transitive
    description:
      name: string_scanner
      sha256: "556692adab6cfa87322a115640c11f13cb77b3f076ddcc5d6ae3c20242bedcde"
      url: "https://pub.dev"
    source: hosted
    version: "1.2.0"
  strobe:
    dependency: transitive
    description:
      name: strobe
      sha256: a23adf7d305e45c6f210270aa925d8b404819144e29f7c5257a67281b63e0887
      url: "https://pub.dev"
    source: hosted
    version: "1.0.4"
  substrate_bip39:
    dependency: transitive
    description:
      name: substrate_bip39
      sha256: "29548105e939d1fb213aba96686eb5c5aae472249fa12b8dda58b252d23f492c"
      url: "https://pub.dev"
    source: hosted
    version: "0.4.0"
  substrate_metadata:
    dependency: transitive
    description:
      name: substrate_metadata
      sha256: "4557950c7dcea17cdf7e1224ac7822ab38dd9658f000be6d58b4a41b0a8126d4"
      url: "https://pub.dev"
    source: hosted
    version: "1.2.0"
  term_glyph:
    dependency: transitive
    description:
      name: term_glyph
      sha256: a29248a84fbb7c79282b40b8c72a1209db169a2e0542bce341da992fe1bc7e84
      url: "https://pub.dev"
    source: hosted
    version: "1.2.1"
  test_api:
    dependency: transitive
    description:
      name: test_api
      sha256: "9955ae474176f7ac8ee4e989dadfb411a58c30415bcfb648fa04b2b8a03afa7f"
      url: "https://pub.dev"
    source: hosted
    version: "0.7.0"
  typed_data:
    dependency: transitive
    description:
      name: typed_data
      sha256: facc8d6582f16042dd49f2463ff1bd6e2c9ef9f3d5da3d9b087e244a7b564b3c
      url: "https://pub.dev"
    source: hosted
    version: "1.3.2"
  unorm_dart:
    dependency: transitive
    description:
      name: unorm_dart
      sha256: "5b35bff83fce4d76467641438f9e867dc9bcfdb8c1694854f230579d68cd8f4b"
      url: "https://pub.dev"
    source: hosted
    version: "0.2.0"
  uri:
    dependency: transitive
    description:
      name: uri
      sha256: "889eea21e953187c6099802b7b4cf5219ba8f3518f604a1033064d45b1b8268a"
      url: "https://pub.dev"
    source: hosted
    version: "1.0.0"
  utility:
    dependency: transitive
    description:
      name: utility
      sha256: "200d264c3804e87da7ea36aa81bd73fb845d2cb7b2e820f3f357a0a2bd4e37f5"
      url: "https://pub.dev"
    source: hosted
    version: "1.0.3"
  uuid:
    dependency: "direct main"
    description:
      name: uuid
      sha256: "648e103079f7c64a36dc7d39369cabb358d377078a051d6ae2ad3aa539519313"
      url: "https://pub.dev"
    source: hosted
    version: "3.0.7"
  vector_math:
    dependency: transitive
    description:
      name: vector_math
      sha256: "80b3257d1492ce4d091729e3a67a60407d227c27241d6927be0130c98e741803"
      url: "https://pub.dev"
    source: hosted
    version: "2.1.4"
  vm_service:
    dependency: transitive
    description:
      name: vm_service
      sha256: "3923c89304b715fb1eb6423f017651664a03bf5f4b29983627c4da791f74a4ec"
      url: "https://pub.dev"
    source: hosted
    version: "14.2.1"
  web:
    dependency: transitive
    description:
      name: web
      sha256: "97da13628db363c635202ad97068d47c5b8aa555808e7a9411963c533b449b27"
      url: "https://pub.dev"
    source: hosted
    version: "0.5.1"
  web_socket_channel:
    dependency: transitive
    description:
      name: web_socket_channel
      sha256: "58c6666b342a38816b2e7e50ed0f1e261959630becd4c879c4f26bfa14aa5a42"
      url: "https://pub.dev"
    source: hosted
    version: "2.4.5"
  x509:
    dependency: transitive
    description:
      name: x509
      sha256: "3262dc9a7d45b0876f886c01bfc7d5e765704f7dfd31f8cf5224fc875c17a6c6"
      url: "https://pub.dev"
    source: hosted
    version: "0.2.4+2"
  x509_plus:
    dependency: transitive
    description:
      name: x509_plus
      sha256: "8b91d07aead69d2644f53cbd1fa1df4413e0874f2622d9a612eb44a43bc80639"
      url: "https://pub.dev"
    source: hosted
    version: "0.3.2"
  yaml:
    dependency: transitive
    description:
      name: yaml
      sha256: "75769501ea3489fca56601ff33454fe45507ea3bfb014161abc3b43ae25989d5"
      url: "https://pub.dev"
    source: hosted
    version: "3.1.2"
  yaon:
    dependency: transitive
    description:
      name: yaon
      sha256: "7ffb8284eb13e448fdabf340209c306336cfeabdca97294c27b5a11237eaa3c4"
      url: "https://pub.dev"
    source: hosted
    version: "1.1.4+10"
sdks:
  dart: ">=3.3.3 <4.0.0"
  flutter: ">=3.18.0-18.0.pre.54"
